Microsoft Visual Studio Solution File, Format Version 12.00
# Visual Studio Version 17
VisualStudioVersion = 17.5.2.0
MinimumVisualStudioVersion = 10.0.40219.1
Project("{FAE04EC0-301F-11D3-BF4B-00C04F79EFBC}") = "LumaIsland_ThaiFontFix", "LumaIsland_ThaiFontFix.csproj", "{B7C1FD80-E24A-7330-F704-59BE3FA8E123}"
EndProject
Global
	GlobalSection(SolutionConfigurationPlatforms) = preSolution
		Debug|Any CPU = Debug|Any CPU
		Release|Any CPU = Release|Any CPU
	EndGlobalSection
	GlobalSection(ProjectConfigurationPlatforms) = postSolution
		{B7C1FD80-E24A-7330-F704-59BE3FA8E123}.Debug|Any CPU.ActiveCfg = Debug|Any CPU
		{B7C1FD80-E24A-7330-F704-59BE3FA8E123}.Debug|Any CPU.Build.0 = Debug|Any CPU
		{B7C1FD80-E24A-7330-F704-59BE3FA8E123}.Release|Any CPU.ActiveCfg = Release|Any CPU
		{B7C1FD80-E24A-7330-F704-59BE3FA8E123}.Release|Any CPU.Build.0 = Release|Any CPU
	EndGlobalSection
	GlobalSection(SolutionProperties) = preSolution
		HideSolutionNode = FALSE
	EndGlobalSection
	GlobalSection(ExtensibilityGlobals) = postSolution
		SolutionGuid = {C12AA848-3B57-4BBE-95B0-00A17B06BBE8}
	EndGlobalSection
EndGlobal
